
Microsoft Visual Studio Solution File, Format Version 12.00
# Visual Studio Version 17
VisualStudioVersion = 17.1.32228.430
MinimumVisualStudioVersion = 10.0.40219.1
Project("{2150E333-8FDC-42A3-9474-1A3956D46DE8}") = "refresh-tokens-demos", "refresh-tokens-demos", "{AFCB02A8-3B6E-4ECB-8BDA-375CA5A1DFDF}"
EndProject
Project("{2150E333-8FDC-42A3-9474-1A3956D46DE8}") = "apis-keys", "apis-keys", "{EA9F3772-B2C2-4DF7-BE27-168579D2FF06}"
EndProject
Project("{2150E333-8FDC-42A3-9474-1A3956D46DE8}") = "asymetric-emcription", "asymetric-emcription", "{14D9981C-8471-4CCC-B804-440008D8C82E}"
EndProject
Project("{2150E333-8FDC-42A3-9474-1A3956D46DE8}") = "Api-Asymetric-emcription.JWE-Demo", "Api-Asymetric-emcription.JWE-Demo", "{35AB4A33-E32A-466A-81DD-60C1735A0DAB}"
EndProject
Project("{9A19103F-16F7-4668-BE54-9A1E7A4F7556}") = "RefreshToken-examples-JWT", "RefreshToken\RefreshToken-examples-JWT.csproj", "{4B9F043D-5B63-4099-9917-04DDE8DDA64B}"
EndProject
Project("{9A19103F-16F7-4668-BE54-9A1E7A4F7556}") = "ApiKey-example-datastributte", "MeuApiKey\ApiKey-example-datastributte.csproj", "{6FEE86A6-DBD4-494E-B565-E24F71ADA297}"
EndProject
Project("{9A19103F-16F7-4668-BE54-9A1E7A4F7556}") = "AsymetricEncryptionConsole", "asymetric-emcription\AsymetricEncryptionConsole\AsymetricEncryptionConsole.csproj", "{2750EDD4-6DE2-4287-984E-BDA16C7D3856}"
EndProject
Project("{9A19103F-16F7-4668-BE54-9A1E7A4F7556}") = "ServerApi-AsymetricEncryption.JWE_DEMO", "asymetric-emcription\ServerApi-AsymetricEncryption.JWE_DEMO\ServerApi-AsymetricEncryption.JWE_DEMO.csproj", "{3DD40A12-65CF-441A-8DE3-95763B85CE73}"
EndProject
Global
	GlobalSection(SolutionConfigurationPlatforms) = preSolution
		Debug|Any CPU = Debug|Any CPU
		Release|Any CPU = Release|Any CPU
	EndGlobalSection
	GlobalSection(ProjectConfigurationPlatforms) = postSolution
		{4B9F043D-5B63-4099-9917-04DDE8DDA64B}.Debug|Any CPU.ActiveCfg = Debug|Any CPU
		{4B9F043D-5B63-4099-9917-04DDE8DDA64B}.Debug|Any CPU.Build.0 = Debug|Any CPU
		{4B9F043D-5B63-4099-9917-04DDE8DDA64B}.Release|Any CPU.ActiveCfg = Release|Any CPU
		{4B9F043D-5B63-4099-9917-04DDE8DDA64B}.Release|Any CPU.Build.0 = Release|Any CPU
		{6FEE86A6-DBD4-494E-B565-E24F71ADA297}.Debug|Any CPU.ActiveCfg = Debug|Any CPU
		{6FEE86A6-DBD4-494E-B565-E24F71ADA297}.Debug|Any CPU.Build.0 = Debug|Any CPU
		{6FEE86A6-DBD4-494E-B565-E24F71ADA297}.Release|Any CPU.ActiveCfg = Release|Any CPU
		{6FEE86A6-DBD4-494E-B565-E24F71ADA297}.Release|Any CPU.Build.0 = Release|Any CPU
		{2750EDD4-6DE2-4287-984E-BDA16C7D3856}.Debug|Any CPU.ActiveCfg = Debug|Any CPU
		{2750EDD4-6DE2-4287-984E-BDA16C7D3856}.Debug|Any CPU.Build.0 = Debug|Any CPU
		{2750EDD4-6DE2-4287-984E-BDA16C7D3856}.Release|Any CPU.ActiveCfg = Release|Any CPU
		{2750EDD4-6DE2-4287-984E-BDA16C7D3856}.Release|Any CPU.Build.0 = Release|Any CPU
		{3DD40A12-65CF-441A-8DE3-95763B85CE73}.Debug|Any CPU.ActiveCfg = Debug|Any CPU
		{3DD40A12-65CF-441A-8DE3-95763B85CE73}.Debug|Any CPU.Build.0 = Debug|Any CPU
		{3DD40A12-65CF-441A-8DE3-95763B85CE73}.Release|Any CPU.ActiveCfg = Release|Any CPU
		{3DD40A12-65CF-441A-8DE3-95763B85CE73}.Release|Any CPU.Build.0 = Release|Any CPU
	EndGlobalSection
	GlobalSection(SolutionProperties) = preSolution
		HideSolutionNode = FALSE
	EndGlobalSection
	GlobalSection(NestedProjects) = preSolution
		{35AB4A33-E32A-466A-81DD-60C1735A0DAB} = {14D9981C-8471-4CCC-B804-440008D8C82E}
		{4B9F043D-5B63-4099-9917-04DDE8DDA64B} = {AFCB02A8-3B6E-4ECB-8BDA-375CA5A1DFDF}
		{6FEE86A6-DBD4-494E-B565-E24F71ADA297} = {EA9F3772-B2C2-4DF7-BE27-168579D2FF06}
		{2750EDD4-6DE2-4287-984E-BDA16C7D3856} = {35AB4A33-E32A-466A-81DD-60C1735A0DAB}
		{3DD40A12-65CF-441A-8DE3-95763B85CE73} = {35AB4A33-E32A-466A-81DD-60C1735A0DAB}
	EndGlobalSection
	GlobalSection(ExtensibilityGlobals) = postSolution
		SolutionGuid = {AC6A7C73-3ECD-4E8D-ADC8-ED89C399ACF3}
	EndGlobalSection
EndGlobal
